
Microsoft Visual Studio Solution File, Format Version 12.00
# Visual Studio Version 16
VisualStudioVersion = 16.0.29318.209
MinimumVisualStudioVersion = 10.0.40219.1
Project("{FAE04EC0-301F-11D3-BF4B-00C04F79EFBC}") = "ApplicationChallenge", "ApplicationChallenge\ApplicationChallenge.csproj", "{08CA6CAC-1D6E-4B29-A2EA-4CEB912C237C}"
EndProject
Global
	GlobalSection(SolutionConfigurationPlatforms) = preSolution
		Debug|Any CPU = Debug|Any CPU
		Release|Any CPU = Release|Any CPU
	EndGlobalSection
	GlobalSection(ProjectConfigurationPlatforms) = postSolution
		{08CA6CAC-1D6E-4B29-A2EA-4CEB912C237C}.Debug|Any CPU.ActiveCfg = Debug|Any CPU
		{08CA6CAC-1D6E-4B29-A2EA-4CEB912C237C}.Debug|Any CPU.Build.0 = Debug|Any CPU
		{08CA6CAC-1D6E-4B29-A2EA-4CEB912C237C}.Release|Any CPU.ActiveCfg = Release|Any CPU
		{08CA6CAC-1D6E-4B29-A2EA-4CEB912C237C}.Release|Any CPU.Build.0 = Release|Any CPU
	EndGlobalSection
	GlobalSection(SolutionProperties) = preSolution
		HideSolutionNode = FALSE
	EndGlobalSection
	GlobalSection(ExtensibilityGlobals) = postSolution
		SolutionGuid = {06A2ECC9-8B55-46E9-8209-60AEA6FD8CA9}
	EndGlobalSection
EndGlobal
